// !$*UTF8*$!
{
	archiveVersion = 1;
	classes = {
	};
	objectVersion = 55;
	objects = {

/* Begin PBXBuildFile section */
		DC222252276CC2C800360E52 /* AppDelegate.swift in Sources */ = {isa = PBXBuildFile; fileRef = DC222251276CC2C800360E52 /* AppDelegate.swift */; };
		DC222254276CC2C800360E52 /* SceneDelegate.swift in Sources */ = {isa = PBXBuildFile; fileRef = DC222253276CC2C800360E52 /* SceneDelegate.swift */; };
		DC222256276CC2C800360E52 /* ViewController.swift in Sources */ = {isa = PBXBuildFile; fileRef = DC222255276CC2C800360E52 /* ViewController.swift */; };
		DC222259276CC2C800360E52 /* Main.storyboard in Resources */ = {isa = PBXBuildFile; fileRef = DC222257276CC2C800360E52 /* Main.storyboard */; };
		DC22225C276CC2C800360E52 /* CitzenVoice.xcdatamodeld in Sources */ = {isa = PBXBuildFile; fileRef = DC22225A276CC2C800360E52 /* CitzenVoice.xcdatamodeld */; };
		DC22225E276CC2CD00360E52 /* Assets.xcassets in Resources */ = {isa = PBXBuildFile; fileRef = DC22225D276CC2CD00360E52 /* Assets.xcassets */; };
		DC222261276CC2CD00360E52 /* LaunchScreen.storyboard in Resources */ = {isa = PBXBuildFile; fileRef = DC22225F276CC2CD00360E52 /* LaunchScreen.storyboard */; };
		DC222269276CC47300360E52 /* TroublesTableViewController.swift in Sources */ = {isa = PBXBuildFile; fileRef = DC222268276CC47300360E52 /* TroublesTableViewController.swift */; };
		DCC440DD276CDAE2002902A9 /* UIViewController+Context.swift in Sources */ = {isa = PBXBuildFile; fileRef = DCC440DC276CDAE2002902A9 /* UIViewController+Context.swift */; };
/* End PBXBuildFile section */

/* Begin PBXFileReference section */
		DC22224E276CC2C800360E52 /* CitzenVoice.app */ = {isa = PBXFileReference; explicitFileType = wrapper.application; includeInIndex = 0; path = CitzenVoice.app; sourceTree = BUILT_PRODUCTS_DIR; };
		DC222251276CC2C800360E52 /* AppDelegate.swift */ = {isa = PBXFileReference; lastKnownFileType = sourcecode.swift; path = AppDelegate.swift; sourceTree = "<group>"; };
		DC222253276CC2C800360E52 /* SceneDelegate.swift */ = {isa = PBXFileReference; lastKnownFileType = sourcecode.swift; path = SceneDelegate.swift; sourceTree = "<group>"; };
		DC222255276CC2C800360E52 /* ViewController.swift */ = {isa = PBXFileReference; lastKnownFileType = sourcecode.swift; path = ViewController.swift; sourceTree = "<group>"; };
		DC222258276CC2C800360E52 /* Base */ = {isa = PBXFileReference; lastKnownFileType = file.storyboard; name = Base; path = Base.lproj/Main.storyboard; sourceTree = "<group>"; };
		DC22225B276CC2C800360E52 /* CitzenVoice.xcdatamodel */ = {isa = PBXFileReference; lastKnownFileType = wrapper.xcdatamodel; path = CitzenVoice.xcdatamodel; sourceTree = "<group>"; };
		DC22225D276CC2CD00360E52 /* Assets.xcassets */ = {isa = PBXFileReference; lastKnownFileType = folder.assetcatalog; path = Assets.xcassets; sourceTree = "<group>"; };
		DC222260276CC2CD00360E52 /* Base */ = {isa = PBXFileReference; lastKnownFileType = file.storyboard; name = Base; path = Base.lproj/LaunchScreen.storyboard; sourceTree = "<group>"; };
		DC222262276CC2CD00360E52 /* Info.plist */ = {isa = PBXFileReference; lastKnownFileType = text.plist.xml; path = Info.plist; sourceTree = "<group>"; };
		DC222268276CC47300360E52 /* TroublesTableViewController.swift */ = {isa = PBXFileReference; lastKnownFileType = sourcecode.swift; path = TroublesTableViewController.swift; sourceTree = "<group>"; };
		DCC440DC276CDAE2002902A9 /* UIViewController+Context.swift */ = {isa = PBXFileReference; lastKnownFileType = sourcecode.swift; path = "UIViewController+Context.swift"; sourceTree = "<group>"; };
/* End PBXFileReference section */

/* Begin PBXFrameworksBuildPhase section */
		DC22224B276CC2C800360E52 /* Frameworks */ = {
			isa = PBXFrameworksBuildPhase;
			buildActionMask = 2147483647;
			files = (
			);
			runOnlyForDeploymentPostprocessing = 0;
		};
/* End PBXFrameworksBuildPhase section */

/* Begin PBXGroup section */
		DC222245276CC2C800360E52 = {
			isa = PBXGroup;
			children = (
				DC222250276CC2C800360E52 /* CitzenVoice */,
				DC22224F276CC2C800360E52 /* Products */,
			);
			sourceTree = "<group>";
		};
		DC22224F276CC2C800360E52 /* Products */ = {
			isa = PBXGroup;
			children = (
				DC22224E276CC2C800360E52 /* CitzenVoice.app */,
			);
			name = Products;
			sourceTree = "<group>";
		};
		DC222250276CC2C800360E52 /* CitzenVoice */ = {
			isa = PBXGroup;
			children = (
				DC222251276CC2C800360E52 /* AppDelegate.swift */,
				DC222253276CC2C800360E52 /* SceneDelegate.swift */,
				DC222255276CC2C800360E52 /* ViewController.swift */,
				DC222268276CC47300360E52 /* TroublesTableViewController.swift */,
				DC222257276CC2C800360E52 /* Main.storyboard */,
				DC22225D276CC2CD00360E52 /* Assets.xcassets */,
				DC22225F276CC2CD00360E52 /* LaunchScreen.storyboard */,
				DC222262276CC2CD00360E52 /* Info.plist */,
				DC22225A276CC2C800360E52 /* CitzenVoice.xcdatamodeld */,
				DCC440DC276CDAE2002902A9 /* UIViewController+Context.swift */,
			);
			path = CitzenVoice;
			sourceTree = "<group>";
		};
/* End PBXGroup section */

/* Begin PBXNativeTarget section */
		DC22224D276CC2C800360E52 /* CitzenVoice */ = {
			isa = PBXNativeTarget;
			buildConfigurationList = DC222265276CC2CD00360E52 /* Build configuration list for PBXNativeTarget "CitzenVoice" */;
			buildPhases = (
				DC22224A276CC2C800360E52 /* Sources */,
				DC22224B276CC2C800360E52 /* Frameworks */,
				DC22224C276CC2C800360E52 /* Resources */,
			);
			buildRules = (
			);
			dependencies = (
			);
			name = CitzenVoice;
			productName = CitzenVoice;
			productReference = DC22224E276CC2C800360E52 /* CitzenVoice.app */;
			productType = "com.apple.product-type.application";
		};
/* End PBXNativeTarget section */

/* Begin PBXProject section */
		DC222246276CC2C800360E52 /* Project object */ = {
			isa = PBXProject;
			attributes = {
				BuildIndependentTargetsInParallel = 1;
				LastSwiftUpdateCheck = 1310;
				LastUpgradeCheck = 1310;
				TargetAttributes = {
					DC22224D276CC2C800360E52 = {
						CreatedOnToolsVersion = 13.1;
					};
				};
			};
			buildConfigurationList = DC222249276CC2C800360E52 /* Build configuration list for PBXProject "CitzenVoice" */;
			compatibilityVersion = "Xcode 13.0";
			developmentRegion = en;
			hasScannedForEncodings = 0;
			knownRegions = (
				en,
				Base,
			);
			mainGroup = DC222245276CC2C800360E52;
			productRefGroup = DC22224F276CC2C800360E52 /* Products */;
			projectDirPath = "";
			projectRoot = "";
			targets = (
				DC22224D276CC2C800360E52 /* CitzenVoice */,
			);
		};
/* End PBXProject section */

/* Begin PBXResourcesBuildPhase section */
		DC22224C276CC2C800360E52 /* Resources */ = {
			isa = PBXResourcesBuildPhase;
			buildActionMask = 2147483647;
			files = (
				DC222261276CC2CD00360E52 /* LaunchScreen.storyboard in Resources */,
				DC22225E276CC2CD00360E52 /* Assets.xcassets in Resources */,
				DC222259276CC2C800360E52 /* Main.storyboard in Resources */,
			);
			runOnlyForDeploymentPostprocessing = 0;
		};
/* End PBXResourcesBuildPhase section */

/* Begin PBXSourcesBuildPhase section */
		DC22224A276CC2C800360E52 /* Sources */ = {
			isa = PBXSourcesBuildPhase;
			buildActionMask = 2147483647;
			files = (
				DC222256276CC2C800360E52 /* ViewController.swift in Sources */,
				DC222269276CC47300360E52 /* TroublesTableViewController.swift in Sources */,
				DCC440DD276CDAE2002902A9 /* UIViewController+Context.swift in Sources */,
				DC222252276CC2C800360E52 /* AppDelegate.swift in Sources */,
				DC222254276CC2C800360E52 /* SceneDelegate.swift in Sources */,
				DC22225C276CC2C800360E52 /* CitzenVoice.xcdatamodeld in Sources */,
			);
			runOnlyForDeploymentPostprocessing = 0;
		};
/* End PBXSourcesBuildPhase section */

/* Begin PBXVariantGroup section */
		DC222257276CC2C800360E52 /* Main.storyboard */ = {
			isa = PBXVariantGroup;
			children = (
				DC222258276CC2C800360E52 /* Base */,
			);
			name = Main.storyboard;
			sourceTree = "<group>";
		};
		DC22225F276CC2CD00360E52 /* LaunchScreen.storyboard */ = {
			isa = PBXVariantGroup;
			children = (
				DC222260276CC2CD00360E52 /* Base */,
			);
			name = LaunchScreen.storyboard;
			sourceTree = "<group>";
		};
/* End PBXVariantGroup section */

/* Begin XCBuildConfiguration section */
		DC222263276CC2CD00360E52 /* Debug */ = {
			isa = XCBuildConfiguration;
			buildSettings = {
				ALWAYS_SEARCH_USER_PATHS = NO;
				CLANG_ANALYZER_NONNULL = YES;
				CLANG_ANALYZER_NUMBER_OBJECT_CONVERSION = YES_AGGRESSIVE;
				CLANG_CXX_LANGUAGE_STANDARD = "gnu++17";
				CLANG_CXX_LIBRARY = "libc++";
				CLANG_ENABLE_MODULES = YES;
				CLANG_ENABLE_OBJC_ARC = YES;
				CLANG_ENABLE_OBJC_WEAK = YES;
				CLANG_WARN_BLOCK_CAPTURE_AUTORELEASING = YES;
				CLANG_WARN_BOOL_CONVERSION = YES;
				CLANG_WARN_COMMA = YES;
				CLANG_WARN_CONSTANT_CONVERSION = YES;
				CLANG_WARN_DEPRECATED_OBJC_IMPLEMENTATIONS = YES;
				CLANG_WARN_DIRECT_OBJC_ISA_USAGE = YES_ERROR;
				CLANG_WARN_DOCUMENTATION_COMMENTS = YES;
				CLANG_WARN_EMPTY_BODY = YES;
				CLANG_WARN_ENUM_CONVERSION = YES;
				CLANG_WARN_INFINITE_RECURSION = YES;
				CLANG_WARN_INT_CONVERSION = YES;
				CLANG_WARN_NON_LITERAL_NULL_CONVERSION = YES;
				CLANG_WARN_OBJC_IMPLICIT_RETAIN_SELF = YES;
				CLANG_WARN_OBJC_LITERAL_CONVERSION = YES;
				CLANG_WARN_OBJC_ROOT_CLASS = YES_ERROR;
				CLANG_WARN_QUOTED_INCLUDE_IN_FRAMEWORK_HEADER = YES;
				CLANG_WARN_RANGE_LOOP_ANALYSIS = YES;
				CLANG_WARN_STRICT_PROTOTYPES = YES;
				CLANG_WARN_SUSPICIOUS_MOVE = YES;
				CLANG_WARN_UNGUARDED_AVAILABILITY = YES_AGGRESSIVE;
				CLANG_WARN_UNREACHABLE_CODE = YES;
				CLANG_WARN__DUPLICATE_METHOD_MATCH = YES;
				COPY_PHASE_STRIP = NO;
				DEBUG_INFORMATION_FORMAT = dwarf;
				ENABLE_STRICT_OBJC_MSGSEND = YES;
				ENABLE_TESTABILITY = YES;
				GCC_C_LANGUAGE_STANDARD = gnu11;
				GCC_DYNAMIC_NO_PIC = NO;
				GCC_NO_COMMON_BLOCKS = YES;
				GCC_OPTIMIZATION_LEVEL = 0;
				GCC_PREPROCESSOR_DEFINITIONS = (
					"DEBUG=1",
					"$(inherited)",
				);
				GCC_WARN_64_TO_32_BIT_CONVERSION = YES;
				GCC_WARN_ABOUT_RETURN_TYPE = YES_ERROR;
				GCC_WARN_UNDECLARED_SELECTOR = YES;
				GCC_WARN_UNINITIALIZED_AUTOS = YES_AGGRESSIVE;
				GCC_WARN_UNUSED_FUNCTION = YES;
				GCC_WARN_UNUSED_VARIABLE = YES;
				IPHONEOS_DEPLOYMENT_TARGET = 15.0;
				MTL_ENABLE_DEBUG_INFO = INCLUDE_SOURCE;
				MTL_FAST_MATH = YES;
				ONLY_ACTIVE_ARCH = YES;
				SDKROOT = iphoneos;
				SWIFT_ACTIVE_COMPILATION_CONDITIONS = DEBUG;
				SWIFT_OPTIMIZATION_LEVEL = "-Onone";
			};
			name = Debug;
		};
		DC222264276CC2CD00360E52 /* Release */ = {
			isa = XCBuildConfiguration;
			buildSettings = {
				ALWAYS_SEARCH_USER_PATHS = NO;
				CLANG_ANALYZER_NONNULL = YES;
				CLANG_ANALYZER_NUMBER_OBJECT_CONVERSION = YES_AGGRESSIVE;
				CLANG_CXX_LANGUAGE_STANDARD = "gnu++17";
				CLANG_CXX_LIBRARY = "libc++";
				CLANG_ENABLE_MODULES = YES;
				CLANG_ENABLE_OBJC_ARC = YES;
				CLANG_ENABLE_OBJC_WEAK = YES;
				CLANG_WARN_BLOCK_CAPTURE_AUTORELEASING = YES;
				CLANG_WARN_BOOL_CONVERSION = YES;
				CLANG_WARN_COMMA = YES;
				CLANG_WARN_CONSTANT_CONVERSION = YES;
				CLANG_WARN_DEPRECATED_OBJC_IMPLEMENTATIONS = YES;
				CLANG_WARN_DIRECT_OBJC_ISA_USAGE = YES_ERROR;
				CLANG_WARN_DOCUMENTATION_COMMENTS = YES;
				CLANG_WARN_EMPTY_BODY = YES;
				CLANG_WARN_ENUM_CONVERSION = YES;
				CLANG_WARN_INFINITE_RECURSION = YES;
				CLANG_WARN_INT_CONVERSION = YES;
				CLANG_WARN_NON_LITERAL_NULL_CONVERSION = YES;
				CLANG_WARN_OBJC_IMPLICIT_RETAIN_SELF = YES;
				CLANG_WARN_OBJC_LITERAL_CONVERSION = YES;
				CLANG_WARN_OBJC_ROOT_CLASS = YES_ERROR;
				CLANG_WARN_QUOTED_INCLUDE_IN_FRAMEWORK_HEADER = YES;
				CLANG_WARN_RANGE_LOOP_ANALYSIS = YES;
				CLANG_WARN_STRICT_PROTOTYPES = YES;
				CLANG_WARN_SUSPICIOUS_MOVE = YES;
				CLANG_WARN_UNGUARDED_AVAILABILITY = YES_AGGRESSIVE;
				CLANG_WARN_UNREACHABLE_CODE = YES;
				CLANG_WARN__DUPLICATE_METHOD_MATCH = YES;
				COPY_PHASE_STRIP = NO;
				DEBUG_INFORMATION_FORMAT = "dwarf-with-dsym";
				ENABLE_NS_ASSERTIONS = NO;
				ENABLE_STRICT_OBJC_MSGSEND = YES;
				GCC_C_LANGUAGE_STANDARD = gnu11;
				GCC_NO_COMMON_BLOCKS = YES;
				GCC_WARN_64_TO_32_BIT_CONVERSION = YES;
				GCC_WARN_ABOUT_RETURN_TYPE = YES_ERROR;
				GCC_WARN_UNDECLARED_SELECTOR = YES;
				GCC_WARN_UNINITIALIZED_AUTOS = YES_AGGRESSIVE;
				GCC_WARN_UNUSED_FUNCTION = YES;
				GCC_WARN_UNUSED_VARIABLE = YES;
				IPHONEOS_DEPLOYMENT_TARGET = 15.0;
				MTL_ENABLE_DEBUG_INFO = NO;
				MTL_FAST_MATH = YES;
				SDKROOT = iphoneos;
				SWIFT_COMPILATION_MODE = wholemodule;
				SWIFT_OPTIMIZATION_LEVEL = "-O";
				VALIDATE_PRODUCT = YES;
			};
			name = Release;
		};
		DC222266276CC2CD00360E52 /* Debug */ = {
			isa = XCBuildConfiguration;
			buildSettings = {
				ASSETCATALOG_COMPILER_APPICON_NAME = AppIcon;
				ASSETCATALOG_COMPILER_GLOBAL_ACCENT_COLOR_NAME = AccentColor;
				CODE_SIGN_STYLE = Automatic;
				CURRENT_PROJECT_VERSION = 1;
				GENERATE_INFOPLIST_FILE = YES;
				INFOPLIST_FILE = CitzenVoice/Info.plist;
				INFOPLIST_KEY_UIApplicationSupportsIndirectInputEvents = YES;
				INFOPLIST_KEY_UILaunchStoryboardName = LaunchScreen;
				INFOPLIST_KEY_UIMainStoryboardFile = Main;
				INFOPLIST_KEY_UISupportedInterfaceOrientations_iPad = "UIInterfaceOrientationPortrait UIInterfaceOrientationPortraitUpsideDown UIInterfaceOrientationLandscapeLeft UIInterfaceOrientationLandscapeRight";
				INFOPLIST_KEY_UISupportedInterfaceOrientations_iPhone = "UIInterfaceOrientationPortrait UIInterfaceOrientationLandscapeLeft UIInterfaceOrientationLandscapeRight";
				LD_RUNPATH_SEARCH_PATHS = (
					"$(inherited)",
					"@executable_path/Frameworks",
				);
				MARKETING_VERSION = 1.0;
				PRODUCT_BUNDLE_IDENTIFIER = dev.silasladislau.CitzenVoice;
				PRODUCT_NAME = "$(TARGET_NAME)";
				SWIFT_EMIT_LOC_STRINGS = YES;
				SWIFT_VERSION = 5.0;
				TARGETED_DEVICE_FAMILY = "1,2";
			};
			name = Debug;
		};
		DC222267276CC2CD00360E52 /* Release */ = {
			isa = XCBuildConfiguration;
			buildSettings = {
				ASSETCATALOG_COMPILER_APPICON_NAME = AppIcon;
				ASSETCATALOG_COMPILER_GLOBAL_ACCENT_COLOR_NAME = AccentColor;
				CODE_SIGN_STYLE = Automatic;
				CURRENT_PROJECT_VERSION = 1;
				GENERATE_INFOPLIST_FILE = YES;
				INFOPLIST_FILE = CitzenVoice/Info.plist;
				INFOPLIST_KEY_UIApplicationSupportsIndirectInputEvents = YES;
				INFOPLIST_KEY_UILaunchStoryboardName = LaunchScreen;
				INFOPLIST_KEY_UIMainStoryboardFile = Main;
				INFOPLIST_KEY_UISupportedInterfaceOrientations_iPad = "UIInterfaceOrientationPortrait UIInterfaceOrientationPortraitUpsideDown UIInterfaceOrientationLandscapeLeft UIInterfaceOrientationLandscapeRight";
				INFOPLIST_KEY_UISupportedInterfaceOrientations_iPhone = "UIInterfaceOrientationPortrait UIInterfaceOrientationLandscapeLeft UIInterfaceOrientationLandscapeRight";
				LD_RUNPATH_SEARCH_PATHS = (
					"$(inherited)",
					"@executable_path/Frameworks",
				);
				MARKETING_VERSION = 1.0;
				PRODUCT_BUNDLE_IDENTIFIER = dev.silasladislau.CitzenVoice;
				PRODUCT_NAME = "$(TARGET_NAME)";
				SWIFT_EMIT_LOC_STRINGS = YES;
				SWIFT_VERSION = 5.0;
				TARGETED_DEVICE_FAMILY = "1,2";
			};
			name = Release;
		};
/* End XCBuildConfiguration section */

/* Begin XCConfigurationList section */
		DC222249276CC2C800360E52 /* Build configuration list for PBXProject "CitzenVoice" */ = {
			isa = XCConfigurationList;
			buildConfigurations = (
				DC222263276CC2CD00360E52 /* Debug */,
				DC222264276CC2CD00360E52 /* Release */,
			);
			defaultConfigurationIsVisible = 0;
			defaultConfigurationName = Release;
		};
		DC222265276CC2CD00360E52 /* Build configuration list for PBXNativeTarget "CitzenVoice" */ = {
			isa = XCConfigurationList;
			buildConfigurations = (
				DC222266276CC2CD00360E52 /* Debug */,
				DC222267276CC2CD00360E52 /* Release */,
			);
			defaultConfigurationIsVisible = 0;
			defaultConfigurationName = Release;
		};
/* End XCConfigurationList section */

/* Begin XCVersionGroup section */
		DC22225A276CC2C800360E52 /* CitzenVoice.xcdatamodeld */ = {
			isa = XCVersionGroup;
			children = (
				DC22225B276CC2C800360E52 /* CitzenVoice.xcdatamodel */,
			);
			currentVersion = DC22225B276CC2C800360E52 /* CitzenVoice.xcdatamodel */;
			path = CitzenVoice.xcdatamodeld;
			sourceTree = "<group>";
			versionGroupType = wrapper.xcdatamodel;
		};
/* End XCVersionGroup section */
	};
	rootObject = DC222246276CC2C800360E52 /* Project object */;
}
